// !$*UTF8*$!
{
	archiveVersion = 1;
	classes = {
	};
	objectVersion = 51;
	objects = {

/* Begin PBXBuildFile section */
		6F27317E256E089000B3D531 /* CollectionViewCell.m in Sources */ = {isa = PBXBuildFile; fileRef = 6F27317D256E089000B3D531 /* CollectionViewCell.m */; };
		6F273182256E2FEE00B3D531 /* RegisterViewController.m in Sources */ = {isa = PBXBuildFile; fileRef = 6F273181256E2FEE00B3D531 /* RegisterViewController.m */; };
		6F902DAB256F7C1F00CF9275 /* GoogleService-Info.plist in Resources */ = {isa = PBXBuildFile; fileRef = 6F902DAA256F7C1F00CF9275 /* GoogleService-Info.plist */; };
		6F902DD3256F9BF500CF9275 /* UIViewController+Alerts.m in Sources */ = {isa = PBXBuildFile; fileRef = 6F902DD1256F9BF500CF9275 /* UIViewController+Alerts.m */; };
		6F902DDD256FB58A00CF9275 /* PortofolioViewController.m in Sources */ = {isa = PBXBuildFile; fileRef = 6F902DDC256FB58A00CF9275 /* PortofolioViewController.m */; };
		6F902DE1256FF13600CF9275 /* ViewController.m in Sources */ = {isa = PBXBuildFile; fileRef = 6F902DE0256FF13600CF9275 /* ViewController.m */; };
		6FD680F5256DF5BD00E58A50 /* AppDelegate.m in Sources */ = {isa = PBXBuildFile; fileRef = 6FD680F4256DF5BD00E58A50 /* AppDelegate.m */; };
		6FD680F8256DF5BD00E58A50 /* SceneDelegate.m in Sources */ = {isa = PBXBuildFile; fileRef = 6FD680F7256DF5BD00E58A50 /* SceneDelegate.m */; };
		6FD680FB256DF5BD00E58A50 /* LoginViewController.m in Sources */ = {isa = PBXBuildFile; fileRef = 6FD680FA256DF5BD00E58A50 /* LoginViewController.m */; };
		6FD680FE256DF5BD00E58A50 /* Main.storyboard in Resources */ = {isa = PBXBuildFile; fileRef = 6FD680FC256DF5BD00E58A50 /* Main.storyboard */; };
		6FD68100256DF5BE00E58A50 /* Assets.xcassets in Resources */ = {isa = PBXBuildFile; fileRef = 6FD680FF256DF5BE00E58A50 /* Assets.xcassets */; };
		6FD68103256DF5BE00E58A50 /* LaunchScreen.storyboard in Resources */ = {isa = PBXBuildFile; fileRef = 6FD68101256DF5BE00E58A50 /* LaunchScreen.storyboard */; };
		6FD68106256DF5BE00E58A50 /* main.m in Sources */ = {isa = PBXBuildFile; fileRef = 6FD68105256DF5BE00E58A50 /* main.m */; };
		ED882EF225BB113266AF3066 /* Pods_Welmar.framework in Frameworks */ = {isa = PBXBuildFile; fileRef = 96731E612963F91D73E8670D /* Pods_Welmar.framework */; };
/* End PBXBuildFile section */

/* Begin PBXFileReference section */
		3C30224E839D3A43517F221A /* Pods-Welmar.debug.xcconfig */ = {isa = PBXFileReference; includeInIndex = 1; lastKnownFileType = text.xcconfig; name = "Pods-Welmar.debug.xcconfig"; path = "Target Support Files/Pods-Welmar/Pods-Welmar.debug.xcconfig"; sourceTree = "<group>"; };
		6F27317C256E089000B3D531 /* CollectionViewCell.h */ = {isa = PBXFileReference; lastKnownFileType = sourcecode.c.h; path = CollectionViewCell.h; sourceTree = "<group>"; };
		6F27317D256E089000B3D531 /* CollectionViewCell.m */ = {isa = PBXFileReference; lastKnownFileType = sourcecode.c.objc; path = CollectionViewCell.m; sourceTree = "<group>"; };
		6F273180256E2FEE00B3D531 /* RegisterViewController.h */ = {isa = PBXFileReference; lastKnownFileType = sourcecode.c.h; path = RegisterViewController.h; sourceTree = "<group>"; };
		6F273181256E2FEE00B3D531 /* RegisterViewController.m */ = {isa = PBXFileReference; lastKnownFileType = sourcecode.c.objc; path = RegisterViewController.m; sourceTree = "<group>"; };
		6F902DAA256F7C1F00CF9275 /* GoogleService-Info.plist */ = {isa = PBXFileReference; fileEncoding = 4; lastKnownFileType = text.plist.xml; path = "GoogleService-Info.plist"; sourceTree = "<group>"; };
		6F902DD1256F9BF500CF9275 /* UIViewController+Alerts.m */ = {isa = PBXFileReference; fileEncoding = 4; lastKnownFileType = sourcecode.c.objc; path = "UIViewController+Alerts.m"; sourceTree = "<group>"; };
		6F902DD2256F9BF500CF9275 /* UIViewController+Alerts.h */ = {isa = PBXFileReference; fileEncoding = 4; lastKnownFileType = sourcecode.c.h; path = "UIViewController+Alerts.h"; sourceTree = "<group>"; };
		6F902DDB256FB58A00CF9275 /* PortofolioViewController.h */ = {isa = PBXFileReference; lastKnownFileType = sourcecode.c.h; path = PortofolioViewController.h; sourceTree = "<group>"; };
		6F902DDC256FB58A00CF9275 /* PortofolioViewController.m */ = {isa = PBXFileReference; lastKnownFileType = sourcecode.c.objc; path = PortofolioViewController.m; sourceTree = "<group>"; };
		6F902DDF256FF13600CF9275 /* ViewController.h */ = {isa = PBXFileReference; lastKnownFileType = sourcecode.c.h; path = ViewController.h; sourceTree = "<group>"; };
		6F902DE0256FF13600CF9275 /* ViewController.m */ = {isa = PBXFileReference; lastKnownFileType = sourcecode.c.objc; path = ViewController.m; sourceTree = "<group>"; };
		6FD680F0256DF5BD00E58A50 /* Welmar.app */ = {isa = PBXFileReference; explicitFileType = wrapper.application; includeInIndex = 0; path = Welmar.app; sourceTree = BUILT_PRODUCTS_DIR; };
		6FD680F3256DF5BD00E58A50 /* AppDelegate.h */ = {isa = PBXFileReference; lastKnownFileType = sourcecode.c.h; path = AppDelegate.h; sourceTree = "<group>"; };
		6FD680F4256DF5BD00E58A50 /* AppDelegate.m */ = {isa = PBXFileReference; lastKnownFileType = sourcecode.c.objc; path = AppDelegate.m; sourceTree = "<group>"; };
		6FD680F6256DF5BD00E58A50 /* SceneDelegate.h */ = {isa = PBXFileReference; lastKnownFileType = sourcecode.c.h; path = SceneDelegate.h; sourceTree = "<group>"; };
		6FD680F7256DF5BD00E58A50 /* SceneDelegate.m */ = {isa = PBXFileReference; lastKnownFileType = sourcecode.c.objc; path = SceneDelegate.m; sourceTree = "<group>"; };
		6FD680F9256DF5BD00E58A50 /* LoginViewController.h */ = {isa = PBXFileReference; lastKnownFileType = sourcecode.c.h; path = LoginViewController.h; sourceTree = "<group>"; };
		6FD680FA256DF5BD00E58A50 /* LoginViewController.m */ = {isa = PBXFileReference; lastKnownFileType = sourcecode.c.objc; path = LoginViewController.m; sourceTree = "<group>"; };
		6FD680FD256DF5BD00E58A50 /* Base */ = {isa = PBXFileReference; lastKnownFileType = file.storyboard; name = Base; path = Base.lproj/Main.storyboard; sourceTree = "<group>"; };
		6FD680FF256DF5BE00E58A50 /* Assets.xcassets */ = {isa = PBXFileReference; lastKnownFileType = folder.assetcatalog; path = Assets.xcassets; sourceTree = "<group>"; };
		6FD68102256DF5BE00E58A50 /* Base */ = {isa = PBXFileReference; lastKnownFileType = file.storyboard; name = Base; path = Base.lproj/LaunchScreen.storyboard; sourceTree = "<group>"; };
		6FD68104256DF5BE00E58A50 /* Info.plist */ = {isa = PBXFileReference; lastKnownFileType = text.plist.xml; path = Info.plist; sourceTree = "<group>"; };
		6FD68105256DF5BE00E58A50 /* main.m */ = {isa = PBXFileReference; lastKnownFileType = sourcecode.c.objc; path = main.m; sourceTree = "<group>"; };
		96731E612963F91D73E8670D /* Pods_Welmar.framework */ = {isa = PBXFileReference; explicitFileType = wrapper.framework; includeInIndex = 0; path = Pods_Welmar.framework; sourceTree = BUILT_PRODUCTS_DIR; };
		969C72426A22BD1AB5A75DFD /* Pods-Welmar.release.xcconfig */ = {isa = PBXFileReference; includeInIndex = 1; lastKnownFileType = text.xcconfig; name = "Pods-Welmar.release.xcconfig"; path = "Target Support Files/Pods-Welmar/Pods-Welmar.release.xcconfig"; sourceTree = "<group>"; };
/* End PBXFileReference section */

/* Begin PBXFrameworksBuildPhase section */
		6FD680ED256DF5BD00E58A50 /* Frameworks */ = {
			isa = PBXFrameworksBuildPhase;
			buildActionMask = 2147483647;
			files = (
				ED882EF225BB113266AF3066 /* Pods_Welmar.framework in Frameworks */,
			);
			runOnlyForDeploymentPostprocessing = 0;
		};
/* End PBXFrameworksBuildPhase section */

/* Begin PBXGroup section */
		513D248688AFCEE30992BE25 /* Frameworks */ = {
			isa = PBXGroup;
			children = (
				96731E612963F91D73E8670D /* Pods_Welmar.framework */,
			);
			name = Frameworks;
			sourceTree = "<group>";
		};
		6F27317B256E086C00B3D531 /* CustomCellHelper */ = {
			isa = PBXGroup;
			children = (
				6F27317C256E089000B3D531 /* CollectionViewCell.h */,
				6F27317D256E089000B3D531 /* CollectionViewCell.m */,
			);
			path = CustomCellHelper;
			sourceTree = "<group>";
		};
		6FD680E7256DF5BD00E58A50 = {
			isa = PBXGroup;
			children = (
				6FD680F2256DF5BD00E58A50 /* Welmar */,
				6FD680F1256DF5BD00E58A50 /* Products */,
				D6A9A90FCACB42225E31C191 /* Pods */,
				513D248688AFCEE30992BE25 /* Frameworks */,
			);
			sourceTree = "<group>";
		};
		6FD680F1256DF5BD00E58A50 /* Products */ = {
			isa = PBXGroup;
			children = (
				6FD680F0256DF5BD00E58A50 /* Welmar.app */,
			);
			name = Products;
			sourceTree = "<group>";
		};
		6FD680F2256DF5BD00E58A50 /* Welmar */ = {
			isa = PBXGroup;
			children = (
				6F27317B256E086C00B3D531 /* CustomCellHelper */,
				6FD6810D256DF79D00E58A50 /* Controller */,
				6FD680F3256DF5BD00E58A50 /* AppDelegate.h */,
				6FD680F4256DF5BD00E58A50 /* AppDelegate.m */,
				6FD680F6256DF5BD00E58A50 /* SceneDelegate.h */,
				6FD680F7256DF5BD00E58A50 /* SceneDelegate.m */,
				6FD680FC256DF5BD00E58A50 /* Main.storyboard */,
				6FD680FF256DF5BE00E58A50 /* Assets.xcassets */,
				6FD68101256DF5BE00E58A50 /* LaunchScreen.storyboard */,
				6FD68104256DF5BE00E58A50 /* Info.plist */,
				6F902DAA256F7C1F00CF9275 /* GoogleService-Info.plist */,
				6FD68105256DF5BE00E58A50 /* main.m */,
			);
			path = Welmar;
			sourceTree = "<group>";
		};
		6FD6810D256DF79D00E58A50 /* Controller */ = {
			isa = PBXGroup;
			children = (
				6F902DD2256F9BF500CF9275 /* UIViewController+Alerts.h */,
				6F902DD1256F9BF500CF9275 /* UIViewController+Alerts.m */,
				6FD680F9256DF5BD00E58A50 /* LoginViewController.h */,
				6FD680FA256DF5BD00E58A50 /* LoginViewController.m */,
				6F273180256E2FEE00B3D531 /* RegisterViewController.h */,
				6F273181256E2FEE00B3D531 /* RegisterViewController.m */,
				6F902DDB256FB58A00CF9275 /* PortofolioViewController.h */,
				6F902DDC256FB58A00CF9275 /* PortofolioViewController.m */,
				6F902DDF256FF13600CF9275 /* ViewController.h */,
				6F902DE0256FF13600CF9275 /* ViewController.m */,
			);
			path = Controller;
			sourceTree = "<group>";
		};
		D6A9A90FCACB42225E31C191 /* Pods */ = {
			isa = PBXGroup;
			children = (
				3C30224E839D3A43517F221A /* Pods-Welmar.debug.xcconfig */,
				969C72426A22BD1AB5A75DFD /* Pods-Welmar.release.xcconfig */,
			);
			path = Pods;
			sourceTree = "<group>";
		};
/* End PBXGroup section */

/* Begin PBXNativeTarget section */
		6FD680EF256DF5BD00E58A50 /* Welmar */ = {
			isa = PBXNativeTarget;
			buildConfigurationList = 6FD68109256DF5BE00E58A50 /* Build configuration list for PBXNativeTarget "Welmar" */;
			buildPhases = (
				321C1C945AB3FF33EF79117F /* [CP] Check Pods Manifest.lock */,
				6FD680EC256DF5BD00E58A50 /* Sources */,
				6FD680ED256DF5BD00E58A50 /* Frameworks */,
				6FD680EE256DF5BD00E58A50 /* Resources */,
				F6C8EBBBA26C9BC36BAFBAC7 /* [CP] Embed Pods Frameworks */,
			);
			buildRules = (
			);
			dependencies = (
			);
			name = Welmar;
			productName = Welmar;
			productReference = 6FD680F0256DF5BD00E58A50 /* Welmar.app */;
			productType = "com.apple.product-type.application";
		};
/* End PBXNativeTarget section */

/* Begin PBXProject section */
		6FD680E8256DF5BD00E58A50 /* Project object */ = {
			isa = PBXProject;
			attributes = {
				LastUpgradeCheck = 1220;
				TargetAttributes = {
					6FD680EF256DF5BD00E58A50 = {
						CreatedOnToolsVersion = 12.2;
					};
				};
			};
			buildConfigurationList = 6FD680EB256DF5BD00E58A50 /* Build configuration list for PBXProject "Welmar" */;
			compatibilityVersion = "Xcode 9.3";
			developmentRegion = en;
			hasScannedForEncodings = 0;
			knownRegions = (
				en,
				Base,
			);
			mainGroup = 6FD680E7256DF5BD00E58A50;
			productRefGroup = 6FD680F1256DF5BD00E58A50 /* Products */;
			projectDirPath = "";
			projectRoot = "";
			targets = (
				6FD680EF256DF5BD00E58A50 /* Welmar */,
			);
		};
/* End PBXProject section */

/* Begin PBXResourcesBuildPhase section */
		6FD680EE256DF5BD00E58A50 /* Resources */ = {
			isa = PBXResourcesBuildPhase;
			buildActionMask = 2147483647;
			files = (
				6FD68103256DF5BE00E58A50 /* LaunchScreen.storyboard in Resources */,
				6F902DAB256F7C1F00CF9275 /* GoogleService-Info.plist in Resources */,
				6FD68100256DF5BE00E58A50 /* Assets.xcassets in Resources */,
				6FD680FE256DF5BD00E58A50 /* Main.storyboard in Resources */,
			);
			runOnlyForDeploymentPostprocessing = 0;
		};
/* End PBXResourcesBuildPhase section */

/* Begin PBXShellScriptBuildPhase section */
		321C1C945AB3FF33EF79117F /* [CP] Check Pods Manifest.lock */ = {
			isa = PBXShellScriptBuildPhase;
			buildActionMask = 2147483647;
			files = (
			);
			inputFileListPaths = (
			);
			inputPaths = (
				"${PODS_PODFILE_DIR_PATH}/Podfile.lock",
				"${PODS_ROOT}/Manifest.lock",
			);
			name = "[CP] Check Pods Manifest.lock";
			outputFileListPaths = (
			);
			outputPaths = (
				"$(DERIVED_FILE_DIR)/Pods-Welmar-checkManifestLockResult.txt",
			);
			runOnlyForDeploymentPostprocessing = 0;
			shellPath = /bin/sh;
			shellScript = "diff \"${PODS_PODFILE_DIR_PATH}/Podfile.lock\" \"${PODS_ROOT}/Manifest.lock\" > /dev/null\nif [ $? != 0 ] ; then\n    # print error to STDERR\n    echo \"error: The sandbox is not in sync with the Podfile.lock. Run 'pod install' or update your CocoaPods installation.\" >&2\n    exit 1\nfi\n# This output is used by Xcode 'outputs' to avoid re-running this script phase.\necho \"SUCCESS\" > \"${SCRIPT_OUTPUT_FILE_0}\"\n";
			showEnvVarsInLog = 0;
		};
		F6C8EBBBA26C9BC36BAFBAC7 /* [CP] Embed Pods Frameworks */ = {
			isa = PBXShellScriptBuildPhase;
			buildActionMask = 2147483647;
			files = (
			);
			inputFileListPaths = (
				"${PODS_ROOT}/Target Support Files/Pods-Welmar/Pods-Welmar-frameworks-${CONFIGURATION}-input-files.xcfilelist",
			);
			name = "[CP] Embed Pods Frameworks";
			outputFileListPaths = (
				"${PODS_ROOT}/Target Support Files/Pods-Welmar/Pods-Welmar-frameworks-${CONFIGURATION}-output-files.xcfilelist",
			);
			runOnlyForDeploymentPostprocessing = 0;
			shellPath = /bin/sh;
			shellScript = "\"${PODS_ROOT}/Target Support Files/Pods-Welmar/Pods-Welmar-frameworks.sh\"\n";
			showEnvVarsInLog = 0;
		};
/* End PBXShellScriptBuildPhase section */

/* Begin PBXSourcesBuildPhase section */
		6FD680EC256DF5BD00E58A50 /* Sources */ = {
			isa = PBXSourcesBuildPhase;
			buildActionMask = 2147483647;
			files = (
				6F902DE1256FF13600CF9275 /* ViewController.m in Sources */,
				6FD680FB256DF5BD00E58A50 /* LoginViewController.m in Sources */,
				6F902DDD256FB58A00CF9275 /* PortofolioViewController.m in Sources */,
				6F902DD3256F9BF500CF9275 /* UIViewController+Alerts.m in Sources */,
				6F273182256E2FEE00B3D531 /* RegisterViewController.m in Sources */,
				6F27317E256E089000B3D531 /* CollectionViewCell.m in Sources */,
				6FD680F5256DF5BD00E58A50 /* AppDelegate.m in Sources */,
				6FD68106256DF5BE00E58A50 /* main.m in Sources */,
				6FD680F8256DF5BD00E58A50 /* SceneDelegate.m in Sources */,
			);
			runOnlyForDeploymentPostprocessing = 0;
		};
/* End PBXSourcesBuildPhase section */

/* Begin PBXVariantGroup section */
		6FD680FC256DF5BD00E58A50 /* Main.storyboard */ = {
			isa = PBXVariantGroup;
			children = (
				6FD680FD256DF5BD00E58A50 /* Base */,
			);
			name = Main.storyboard;
			sourceTree = "<group>";
		};
		6FD68101256DF5BE00E58A50 /* LaunchScreen.storyboard */ = {
			isa = PBXVariantGroup;
			children = (
				6FD68102256DF5BE00E58A50 /* Base */,
			);
			name = LaunchScreen.storyboard;
			sourceTree = "<group>";
		};
/* End PBXVariantGroup section */

/* Begin XCBuildConfiguration section */
		6FD68107256DF5BE00E58A50 /* Debug */ = {
			isa = XCBuildConfiguration;
			buildSettings = {
				ALWAYS_SEARCH_USER_PATHS = NO;
				CLANG_ANALYZER_NONNULL = YES;
				CLANG_ANALYZER_NUMBER_OBJECT_CONVERSION = YES_AGGRESSIVE;
				CLANG_CXX_LANGUAGE_STANDARD = "gnu++14";
				CLANG_CXX_LIBRARY = "libc++";
				CLANG_ENABLE_MODULES = YES;
				CLANG_ENABLE_OBJC_ARC = YES;
				CLANG_ENABLE_OBJC_WEAK = YES;
				CLANG_WARN_BLOCK_CAPTURE_AUTORELEASING = YES;
				CLANG_WARN_BOOL_CONVERSION = YES;
				CLANG_WARN_COMMA = YES;
				CLANG_WARN_CONSTANT_CONVERSION = YES;
				CLANG_WARN_DEPRECATED_OBJC_IMPLEMENTATIONS = YES;
				CLANG_WARN_DIRECT_OBJC_ISA_USAGE = YES_ERROR;
				CLANG_WARN_DOCUMENTATION_COMMENTS = YES;
				CLANG_WARN_EMPTY_BODY = YES;
				CLANG_WARN_ENUM_CONVERSION = YES;
				CLANG_WARN_INFINITE_RECURSION = YES;
				CLANG_WARN_INT_CONVERSION = YES;
				CLANG_WARN_NON_LITERAL_NULL_CONVERSION = YES;
				CLANG_WARN_OBJC_IMPLICIT_RETAIN_SELF = YES;
				CLANG_WARN_OBJC_LITERAL_CONVERSION = YES;
				CLANG_WARN_OBJC_ROOT_CLASS = YES_ERROR;
				CLANG_WARN_QUOTED_INCLUDE_IN_FRAMEWORK_HEADER = YES;
				CLANG_WARN_RANGE_LOOP_ANALYSIS = YES;
				CLANG_WARN_STRICT_PROTOTYPES = YES;
				CLANG_WARN_SUSPICIOUS_MOVE = YES;
				CLANG_WARN_UNGUARDED_AVAILABILITY = YES_AGGRESSIVE;
				CLANG_WARN_UNREACHABLE_CODE = YES;
				CLANG_WARN__DUPLICATE_METHOD_MATCH = YES;
				COPY_PHASE_STRIP = NO;
				DEBUG_INFORMATION_FORMAT = dwarf;
				ENABLE_STRICT_OBJC_MSGSEND = YES;
				ENABLE_TESTABILITY = YES;
				GCC_C_LANGUAGE_STANDARD = gnu11;
				GCC_DYNAMIC_NO_PIC = NO;
				GCC_NO_COMMON_BLOCKS = YES;
				GCC_OPTIMIZATION_LEVEL = 0;
				GCC_PREPROCESSOR_DEFINITIONS = (
					"DEBUG=1",
					"$(inherited)",
				);
				GCC_WARN_64_TO_32_BIT_CONVERSION = YES;
				GCC_WARN_ABOUT_RETURN_TYPE = YES_ERROR;
				GCC_WARN_UNDECLARED_SELECTOR = YES;
				GCC_WARN_UNINITIALIZED_AUTOS = YES_AGGRESSIVE;
				GCC_WARN_UNUSED_FUNCTION = YES;
				GCC_WARN_UNUSED_VARIABLE = YES;
				IPHONEOS_DEPLOYMENT_TARGET = 14.2;
				MTL_ENABLE_DEBUG_INFO = INCLUDE_SOURCE;
				MTL_FAST_MATH = YES;
				ONLY_ACTIVE_ARCH = YES;
				SDKROOT = iphoneos;
			};
			name = Debug;
		};
		6FD68108256DF5BE00E58A50 /* Release */ = {
			isa = XCBuildConfiguration;
			buildSettings = {
				ALWAYS_SEARCH_USER_PATHS = NO;
				CLANG_ANALYZER_NONNULL = YES;
				CLANG_ANALYZER_NUMBER_OBJECT_CONVERSION = YES_AGGRESSIVE;
				CLANG_CXX_LANGUAGE_STANDARD = "gnu++14";
				CLANG_CXX_LIBRARY = "libc++";
				CLANG_ENABLE_MODULES = YES;
				CLANG_ENABLE_OBJC_ARC = YES;
				CLANG_ENABLE_OBJC_WEAK = YES;
				CLANG_WARN_BLOCK_CAPTURE_AUTORELEASING = YES;
				CLANG_WARN_BOOL_CONVERSION = YES;
				CLANG_WARN_COMMA = YES;
				CLANG_WARN_CONSTANT_CONVERSION = YES;
				CLANG_WARN_DEPRECATED_OBJC_IMPLEMENTATIONS = YES;
				CLANG_WARN_DIRECT_OBJC_ISA_USAGE = YES_ERROR;
				CLANG_WARN_DOCUMENTATION_COMMENTS = YES;
				CLANG_WARN_EMPTY_BODY = YES;
				CLANG_WARN_ENUM_CONVERSION = YES;
				CLANG_WARN_INFINITE_RECURSION = YES;
				CLANG_WARN_INT_CONVERSION = YES;
				CLANG_WARN_NON_LITERAL_NULL_CONVERSION = YES;
				CLANG_WARN_OBJC_IMPLICIT_RETAIN_SELF = YES;
				CLANG_WARN_OBJC_LITERAL_CONVERSION = YES;
				CLANG_WARN_OBJC_ROOT_CLASS = YES_ERROR;
				CLANG_WARN_QUOTED_INCLUDE_IN_FRAMEWORK_HEADER = YES;
				CLANG_WARN_RANGE_LOOP_ANALYSIS = YES;
				CLANG_WARN_STRICT_PROTOTYPES = YES;
				CLANG_WARN_SUSPICIOUS_MOVE = YES;
				CLANG_WARN_UNGUARDED_AVAILABILITY = YES_AGGRESSIVE;
				CLANG_WARN_UNREACHABLE_CODE = YES;
				CLANG_WARN__DUPLICATE_METHOD_MATCH = YES;
				COPY_PHASE_STRIP = NO;
				DEBUG_INFORMATION_FORMAT = "dwarf-with-dsym";
				ENABLE_NS_ASSERTIONS = NO;
				ENABLE_STRICT_OBJC_MSGSEND = YES;
				GCC_C_LANGUAGE_STANDARD = gnu11;
				GCC_NO_COMMON_BLOCKS = YES;
				GCC_WARN_64_TO_32_BIT_CONVERSION = YES;
				GCC_WARN_ABOUT_RETURN_TYPE = YES_ERROR;
				GCC_WARN_UNDECLARED_SELECTOR = YES;
				GCC_WARN_UNINITIALIZED_AUTOS = YES_AGGRESSIVE;
				GCC_WARN_UNUSED_FUNCTION = YES;
				GCC_WARN_UNUSED_VARIABLE = YES;
				IPHONEOS_DEPLOYMENT_TARGET = 14.2;
				MTL_ENABLE_DEBUG_INFO = NO;
				MTL_FAST_MATH = YES;
				SDKROOT = iphoneos;
				VALIDATE_PRODUCT = YES;
			};
			name = Release;
		};
		6FD6810A256DF5BE00E58A50 /* Debug */ = {
			isa = XCBuildConfiguration;
			baseConfigurationReference = 3C30224E839D3A43517F221A /* Pods-Welmar.debug.xcconfig */;
			buildSettings = {
				ASSETCATALOG_COMPILER_APPICON_NAME = AppIcon;
				ASSETCATALOG_COMPILER_GLOBAL_ACCENT_COLOR_NAME = AccentColor;
				CODE_SIGN_STYLE = Automatic;
				DEVELOPMENT_TEAM = Z2NTZ6G9FR;
				INFOPLIST_FILE = Welmar/Info.plist;
				LD_RUNPATH_SEARCH_PATHS = (
					"$(inherited)",
					"@executable_path/Frameworks",
				);
				PRODUCT_BUNDLE_IDENTIFIER = jliussuweno.Welmar;
				PRODUCT_NAME = "$(TARGET_NAME)";
				TARGETED_DEVICE_FAMILY = "1,2";
			};
			name = Debug;
		};
		6FD6810B256DF5BE00E58A50 /* Release */ = {
			isa = XCBuildConfiguration;
			baseConfigurationReference = 969C72426A22BD1AB5A75DFD /* Pods-Welmar.release.xcconfig */;
			buildSettings = {
				ASSETCATALOG_COMPILER_APPICON_NAME = AppIcon;
				ASSETCATALOG_COMPILER_GLOBAL_ACCENT_COLOR_NAME = AccentColor;
				CODE_SIGN_STYLE = Automatic;
				DEVELOPMENT_TEAM = Z2NTZ6G9FR;
				INFOPLIST_FILE = Welmar/Info.plist;
				LD_RUNPATH_SEARCH_PATHS = (
					"$(inherited)",
					"@executable_path/Frameworks",
				);
				PRODUCT_BUNDLE_IDENTIFIER = jliussuweno.Welmar;
				PRODUCT_NAME = "$(TARGET_NAME)";
				TARGETED_DEVICE_FAMILY = "1,2";
			};
			name = Release;
		};
/* End XCBuildConfiguration section */

/* Begin XCConfigurationList section */
		6FD680EB256DF5BD00E58A50 /* Build configuration list for PBXProject "Welmar" */ = {
			isa = XCConfigurationList;
			buildConfigurations = (
				6FD68107256DF5BE00E58A50 /* Debug */,
				6FD68108256DF5BE00E58A50 /* Release */,
			);
			defaultConfigurationIsVisible = 0;
			defaultConfigurationName = Release;
		};
		6FD68109256DF5BE00E58A50 /* Build configuration list for PBXNativeTarget "Welmar" */ = {
			isa = XCConfigurationList;
			buildConfigurations = (
				6FD6810A256DF5BE00E58A50 /* Debug */,
				6FD6810B256DF5BE00E58A50 /* Release */,
			);
			defaultConfigurationIsVisible = 0;
			defaultConfigurationName = Release;
		};
/* End XCConfigurationList section */
	};
	rootObject = 6FD680E8256DF5BD00E58A50 /* Project object */;
}
